
Microsoft Visual Studio Solution File, Format Version 12.00
# Visual Studio 15
VisualStudioVersion = 15.0.27703.2035
MinimumVisualStudioVersion = 10.0.40219.1
Project("{FAE04EC0-301F-11D3-BF4B-00C04F79EFBC}") = "MVCUnitTestingDemo", "MVCUnitTestingDemo\MVCUnitTestingDemo.csproj", "{BA062982-0DDF-4A01-A3EC-AC107667C359}"
EndProject
Project("{FAE04EC0-301F-11D3-BF4B-00C04F79EFBC}") = "MVCUnitTestingDemo.Tests", "MVCUnitTestingDemo.Tests\MVCUnitTestingDemo.Tests.csproj", "{1F29EEC5-604D-45DD-B84F-329DAD340ED2}"
EndProject
Global
	GlobalSection(SolutionConfigurationPlatforms) = preSolution
		Debug|Any CPU = Debug|Any CPU
		Release|Any CPU = Release|Any CPU
	EndGlobalSection
	GlobalSection(ProjectConfigurationPlatforms) = postSolution
		{BA062982-0DDF-4A01-A3EC-AC107667C359}.Debug|Any CPU.ActiveCfg = Debug|Any CPU
		{BA062982-0DDF-4A01-A3EC-AC107667C359}.Debug|Any CPU.Build.0 = Debug|Any CPU
		{BA062982-0DDF-4A01-A3EC-AC107667C359}.Release|Any CPU.ActiveCfg = Release|Any CPU
		{BA062982-0DDF-4A01-A3EC-AC107667C359}.Release|Any CPU.Build.0 = Release|Any CPU
		{1F29EEC5-604D-45DD-B84F-329DAD340ED2}.Debug|Any CPU.ActiveCfg = Debug|Any CPU
		{1F29EEC5-604D-45DD-B84F-329DAD340ED2}.Debug|Any CPU.Build.0 = Debug|Any CPU
		{1F29EEC5-604D-45DD-B84F-329DAD340ED2}.Release|Any CPU.ActiveCfg = Release|Any CPU
		{1F29EEC5-604D-45DD-B84F-329DAD340ED2}.Release|Any CPU.Build.0 = Release|Any CPU
	EndGlobalSection
	GlobalSection(SolutionProperties) = preSolution
		HideSolutionNode = FALSE
	EndGlobalSection
	GlobalSection(ExtensibilityGlobals) = postSolution
		SolutionGuid = {B24D56DE-72DC-4C7F-A389-C2114B1F9ECF}
	EndGlobalSection
EndGlobal
