
Microsoft Visual Studio Solution File, Format Version 12.00
# Visual Studio 15
VisualStudioVersion = 15.0.27703.2026
MinimumVisualStudioVersion = 10.0.40219.1
Project("{FAE04EC0-301F-11D3-BF4B-00C04F79EFBC}") = "MyCalculator", "MyCalculator\MyCalculator.csproj", "{F0A7F293-EBE4-4B04-9BF9-9FA2AF4961D0}"
EndProject
Project("{FAE04EC0-301F-11D3-BF4B-00C04F79EFBC}") = "Calculator", "Calculator\Calculator.csproj", "{3D988CBB-E100-45F3-B368-CCD581A894D3}"
EndProject
Global
	GlobalSection(SolutionConfigurationPlatforms) = preSolution
		Debug|Any CPU = Debug|Any CPU
		Release|Any CPU = Release|Any CPU
	EndGlobalSection
	GlobalSection(ProjectConfigurationPlatforms) = postSolution
		{F0A7F293-EBE4-4B04-9BF9-9FA2AF4961D0}.Debug|Any CPU.ActiveCfg = Debug|Any CPU
		{F0A7F293-EBE4-4B04-9BF9-9FA2AF4961D0}.Debug|Any CPU.Build.0 = Debug|Any CPU
		{F0A7F293-EBE4-4B04-9BF9-9FA2AF4961D0}.Release|Any CPU.ActiveCfg = Release|Any CPU
		{F0A7F293-EBE4-4B04-9BF9-9FA2AF4961D0}.Release|Any CPU.Build.0 = Release|Any CPU
		{3D988CBB-E100-45F3-B368-CCD581A894D3}.Debug|Any CPU.ActiveCfg = Debug|Any CPU
		{3D988CBB-E100-45F3-B368-CCD581A894D3}.Debug|Any CPU.Build.0 = Debug|Any CPU
		{3D988CBB-E100-45F3-B368-CCD581A894D3}.Release|Any CPU.ActiveCfg = Release|Any CPU
		{3D988CBB-E100-45F3-B368-CCD581A894D3}.Release|Any CPU.Build.0 = Release|Any CPU
	EndGlobalSection
	GlobalSection(SolutionProperties) = preSolution
		HideSolutionNode = FALSE
	EndGlobalSection
	GlobalSection(ExtensibilityGlobals) = postSolution
		SolutionGuid = {5D514977-18EB-44DE-A22D-E75AFCDC5551}
	EndGlobalSection
EndGlobal
